
Microsoft Visual Studio Solution File, Format Version 12.00
# Visual Studio Version 17
VisualStudioVersion = 17.2.32630.192
MinimumVisualStudioVersion = 10.0.40219.1
Project("{FAE04EC0-301F-11D3-BF4B-00C04F79EFBC}") = "Useful_FunctionsCsh", "Useful_FunctionsCsh.csproj", "{0E5DCFB6-3AAB-4D0D-9130-489AD939A254}"
EndProject
Project("{FAE04EC0-301F-11D3-BF4B-00C04F79EFBC}") = "UsefulFunctionsNCad23", "UsefulFunctionsNCad23\UsefulFunctionsNCad23.csproj", "{53BFA473-62C5-4C88-87F1-4C561EFF8069}"
EndProject
Project("{FAE04EC0-301F-11D3-BF4B-00C04F79EFBC}") = "UsefulFunctionsNCad22", "UsefulFunctionsNCad22\UsefulFunctionsNCad22.csproj", "{509512F7-7386-421D-9565-463071A113E8}"
EndProject
Project("{FAE04EC0-301F-11D3-BF4B-00C04F79EFBC}") = "UsefulFunctionsAcad", "UsefulFunctionsAcad\UsefulFunctionsAcad.csproj", "{8741A099-19FE-4134-8288-E027D4FA524C}"
EndProject
Global
	GlobalSection(SolutionConfigurationPlatforms) = preSolution
		Debug|Any CPU = Debug|Any CPU
		Debug|x64 = Debug|x64
		Debug|x86 = Debug|x86
		NCAD|Any CPU = NCAD|Any CPU
		NCAD|x64 = NCAD|x64
		NCAD|x86 = NCAD|x86
		Release|Any CPU = Release|Any CPU
		Release|x64 = Release|x64
		Release|x86 = Release|x86
	EndGlobalSection
	GlobalSection(ProjectConfigurationPlatforms) = postSolution
		{0E5DCFB6-3AAB-4D0D-9130-489AD939A254}.Debug|Any CPU.ActiveCfg = Debug|Any CPU
		{0E5DCFB6-3AAB-4D0D-9130-489AD939A254}.Debug|Any CPU.Build.0 = Debug|Any CPU
		{0E5DCFB6-3AAB-4D0D-9130-489AD939A254}.Debug|x64.ActiveCfg = Debug|x64
		{0E5DCFB6-3AAB-4D0D-9130-489AD939A254}.Debug|x64.Build.0 = Debug|x64
		{0E5DCFB6-3AAB-4D0D-9130-489AD939A254}.Debug|x86.ActiveCfg = Debug|x86
		{0E5DCFB6-3AAB-4D0D-9130-489AD939A254}.Debug|x86.Build.0 = Debug|x86
		{0E5DCFB6-3AAB-4D0D-9130-489AD939A254}.NCAD|Any CPU.ActiveCfg = Debug NCAD|Any CPU
		{0E5DCFB6-3AAB-4D0D-9130-489AD939A254}.NCAD|Any CPU.Build.0 = Debug NCAD|Any CPU
		{0E5DCFB6-3AAB-4D0D-9130-489AD939A254}.NCAD|x64.ActiveCfg = Debug NCAD|x64
		{0E5DCFB6-3AAB-4D0D-9130-489AD939A254}.NCAD|x64.Build.0 = Debug NCAD|x64
		{0E5DCFB6-3AAB-4D0D-9130-489AD939A254}.NCAD|x86.ActiveCfg = Debug NCAD|x86
		{0E5DCFB6-3AAB-4D0D-9130-489AD939A254}.NCAD|x86.Build.0 = Debug NCAD|x86
		{0E5DCFB6-3AAB-4D0D-9130-489AD939A254}.Release|Any CPU.ActiveCfg = Release|Any CPU
		{0E5DCFB6-3AAB-4D0D-9130-489AD939A254}.Release|Any CPU.Build.0 = Release|Any CPU
		{0E5DCFB6-3AAB-4D0D-9130-489AD939A254}.Release|x64.ActiveCfg = Release|x64
		{0E5DCFB6-3AAB-4D0D-9130-489AD939A254}.Release|x64.Build.0 = Release|x64
		{0E5DCFB6-3AAB-4D0D-9130-489AD939A254}.Release|x86.ActiveCfg = Release|x86
		{0E5DCFB6-3AAB-4D0D-9130-489AD939A254}.Release|x86.Build.0 = Release|x86
		{53BFA473-62C5-4C88-87F1-4C561EFF8069}.Debug|Any CPU.ActiveCfg = Debug|Any CPU
		{53BFA473-62C5-4C88-87F1-4C561EFF8069}.Debug|Any CPU.Build.0 = Debug|Any CPU
		{53BFA473-62C5-4C88-87F1-4C561EFF8069}.Debug|x64.ActiveCfg = Debug|Any CPU
		{53BFA473-62C5-4C88-87F1-4C561EFF8069}.Debug|x64.Build.0 = Debug|Any CPU
		{53BFA473-62C5-4C88-87F1-4C561EFF8069}.Debug|x86.ActiveCfg = Debug|Any CPU
		{53BFA473-62C5-4C88-87F1-4C561EFF8069}.Debug|x86.Build.0 = Debug|Any CPU
		{53BFA473-62C5-4C88-87F1-4C561EFF8069}.NCAD|Any CPU.ActiveCfg = Debug|Any CPU
		{53BFA473-62C5-4C88-87F1-4C561EFF8069}.NCAD|Any CPU.Build.0 = Debug|Any CPU
		{53BFA473-62C5-4C88-87F1-4C561EFF8069}.NCAD|x64.ActiveCfg = Debug|Any CPU
		{53BFA473-62C5-4C88-87F1-4C561EFF8069}.NCAD|x64.Build.0 = Debug|Any CPU
		{53BFA473-62C5-4C88-87F1-4C561EFF8069}.NCAD|x86.ActiveCfg = Debug|Any CPU
		{53BFA473-62C5-4C88-87F1-4C561EFF8069}.NCAD|x86.Build.0 = Debug|Any CPU
		{53BFA473-62C5-4C88-87F1-4C561EFF8069}.Release|Any CPU.ActiveCfg = Release|Any CPU
		{53BFA473-62C5-4C88-87F1-4C561EFF8069}.Release|Any CPU.Build.0 = Release|Any CPU
		{53BFA473-62C5-4C88-87F1-4C561EFF8069}.Release|x64.ActiveCfg = Release|Any CPU
		{53BFA473-62C5-4C88-87F1-4C561EFF8069}.Release|x64.Build.0 = Release|Any CPU
		{53BFA473-62C5-4C88-87F1-4C561EFF8069}.Release|x86.ActiveCfg = Release|Any CPU
		{53BFA473-62C5-4C88-87F1-4C561EFF8069}.Release|x86.Build.0 = Release|Any CPU
		{509512F7-7386-421D-9565-463071A113E8}.Debug|Any CPU.ActiveCfg = Debug|Any CPU
		{509512F7-7386-421D-9565-463071A113E8}.Debug|Any CPU.Build.0 = Debug|Any CPU
		{509512F7-7386-421D-9565-463071A113E8}.Debug|x64.ActiveCfg = Debug|Any CPU
		{509512F7-7386-421D-9565-463071A113E8}.Debug|x64.Build.0 = Debug|Any CPU
		{509512F7-7386-421D-9565-463071A113E8}.Debug|x86.ActiveCfg = Debug|Any CPU
		{509512F7-7386-421D-9565-463071A113E8}.Debug|x86.Build.0 = Debug|Any CPU
		{509512F7-7386-421D-9565-463071A113E8}.NCAD|Any CPU.ActiveCfg = Debug|Any CPU
		{509512F7-7386-421D-9565-463071A113E8}.NCAD|Any CPU.Build.0 = Debug|Any CPU
		{509512F7-7386-421D-9565-463071A113E8}.NCAD|x64.ActiveCfg = Debug|Any CPU
		{509512F7-7386-421D-9565-463071A113E8}.NCAD|x64.Build.0 = Debug|Any CPU
		{509512F7-7386-421D-9565-463071A113E8}.NCAD|x86.ActiveCfg = Debug|Any CPU
		{509512F7-7386-421D-9565-463071A113E8}.NCAD|x86.Build.0 = Debug|Any CPU
		{509512F7-7386-421D-9565-463071A113E8}.Release|Any CPU.ActiveCfg = Release|Any CPU
		{509512F7-7386-421D-9565-463071A113E8}.Release|Any CPU.Build.0 = Release|Any CPU
		{509512F7-7386-421D-9565-463071A113E8}.Release|x64.ActiveCfg = Release|Any CPU
		{509512F7-7386-421D-9565-463071A113E8}.Release|x64.Build.0 = Release|Any CPU
		{509512F7-7386-421D-9565-463071A113E8}.Release|x86.ActiveCfg = Release|Any CPU
		{509512F7-7386-421D-9565-463071A113E8}.Release|x86.Build.0 = Release|Any CPU
		{8741A099-19FE-4134-8288-E027D4FA524C}.Debug|Any CPU.ActiveCfg = Debug|Any CPU
		{8741A099-19FE-4134-8288-E027D4FA524C}.Debug|Any CPU.Build.0 = Debug|Any CPU
		{8741A099-19FE-4134-8288-E027D4FA524C}.Debug|x64.ActiveCfg = Debug|Any CPU
		{8741A099-19FE-4134-8288-E027D4FA524C}.Debug|x64.Build.0 = Debug|Any CPU
		{8741A099-19FE-4134-8288-E027D4FA524C}.Debug|x86.ActiveCfg = Debug|Any CPU
		{8741A099-19FE-4134-8288-E027D4FA524C}.Debug|x86.Build.0 = Debug|Any CPU
		{8741A099-19FE-4134-8288-E027D4FA524C}.NCAD|Any CPU.ActiveCfg = Debug|Any CPU
		{8741A099-19FE-4134-8288-E027D4FA524C}.NCAD|Any CPU.Build.0 = Debug|Any CPU
		{8741A099-19FE-4134-8288-E027D4FA524C}.NCAD|x64.ActiveCfg = Debug|Any CPU
		{8741A099-19FE-4134-8288-E027D4FA524C}.NCAD|x64.Build.0 = Debug|Any CPU
		{8741A099-19FE-4134-8288-E027D4FA524C}.NCAD|x86.ActiveCfg = Debug|Any CPU
		{8741A099-19FE-4134-8288-E027D4FA524C}.NCAD|x86.Build.0 = Debug|Any CPU
		{8741A099-19FE-4134-8288-E027D4FA524C}.Release|Any CPU.ActiveCfg = Release|Any CPU
		{8741A099-19FE-4134-8288-E027D4FA524C}.Release|Any CPU.Build.0 = Release|Any CPU
		{8741A099-19FE-4134-8288-E027D4FA524C}.Release|x64.ActiveCfg = Release|Any CPU
		{8741A099-19FE-4134-8288-E027D4FA524C}.Release|x64.Build.0 = Release|Any CPU
		{8741A099-19FE-4134-8288-E027D4FA524C}.Release|x86.ActiveCfg = Release|Any CPU
		{8741A099-19FE-4134-8288-E027D4FA524C}.Release|x86.Build.0 = Release|Any CPU
	EndGlobalSection
	GlobalSection(SolutionProperties) = preSolution
		HideSolutionNode = FALSE
	EndGlobalSection
	GlobalSection(ExtensibilityGlobals) = postSolution
		SolutionGuid = {D895226C-947D-4071-8318-5897B940DD6B}
	EndGlobalSection
EndGlobal
